{
  "name": "bastion-vscode",
  "version": "0.1.5",
  "lockfileVersion": 3,
  "requires": true,
  "packages": {
    "": {
      "name": "bastion-vscode",
      "version": "0.1.5",
      "license": "MIT",
      "dependencies": {
        "jsonc-parser": "^3.3.1",
        "ssh2": "^1.17.0",
        "zmodem.js": "^0.1.10"
      },
      "devDependencies": {
        "@types/node": "^22.10.0",
        "@types/ssh2": "^1.15.5",
        "@types/vscode": "^1.85.0",
        "typescript": "^5.6.0"
      },
      "engines": {
        "vscode": "^1.99.0"
      }
    },
    "node_modules/@types/node": {
      "version": "22.20.1",
      "resolved": "https://registry.npmmirror.com/@types/node/-/node-22.20.1.tgz",
      "integrity": "sha512-EANqOCF9QFyra+4pfxUcX9STKJpCLjMbObVzljIJomAWSnuSIEAvyzEU53GaajbXJEgdh0iEcPL+DGvpUd4k1Q==",
      "dev": true,
      "license": "MIT",
      "dependencies": {
        "undici-types": "~6.21.0"
      }
    },
    "node_modules/@types/ssh2": {
      "version": "1.15.6",
      "resolved": "https://registry.npmmirror.com/@types/ssh2/-/ssh2-1.15.6.tgz",
      "integrity": "sha512-oGdxhBqcRTwSTKFm+9EiKzkNVYRLEFkcW44lhguvBalGJbWfGnDt/ezwSUZc+SF9m9bMc3VyklNAtp7zICjS5w==",
      "dev": true,
      "license": "MIT",
      "dependencies": {
        "@types/node": "^18.11.18"
      }
    },
    "node_modules/@types/ssh2/node_modules/@types/node": {
      "version": "18.19.130",
      "resolved": "https://registry.npmmirror.com/@types/node/-/node-18.19.130.tgz",
      "integrity": "sha512-GRaXQx6jGfL8sKfaIDD6OupbIHBr9jv7Jnaml9tB7l4v068PAOXqfcujMMo5PhbIs6ggR1XODELqahT2R8v0fg==",
      "dev": true,
      "license": "MIT",
      "dependencies": {
        "undici-types": "~5.26.4"
      }
    },
    "node_modules/@types/ssh2/node_modules/undici-types": {
      "version": "5.26.5",
      "resolved": "https://registry.npmmirror.com/undici-types/-/undici-types-5.26.5.tgz",
      "integrity": "sha512-JlCMO+ehdEIKqlFxk6IfVoAUVmgz7cU7zD/h9XZ0qzeosSHmUJVOzSQvvYSYWXkFXC+IfLKSIffhv0sVZup6pA==",
      "dev": true,
      "license": "MIT"
    },
    "node_modules/@types/vscode": {
      "version": "1.136.0",
      "resolved": "https://registry.npmmirror.com/@types/vscode/-/vscode-1.136.0.tgz",
      "integrity": "sha512-DO746VAfnHk8+Y8CsUKYMm2rjWD0mxEuYBZI+ssaqJY7yvLJPf9lcwxSSz9W60gbdvdcGyvHQxHTyByfF9mVqg==",
      "dev": true,
      "license": "MIT"
    },
    "node_modules/asn1": {
      "version": "0.2.6",
      "resolved": "https://registry.npmmirror.com/asn1/-/asn1-0.2.6.tgz",
      "integrity": "sha512-ix/FxPn0MDjeyJ7i/yoHGFt/EX6LyNbxSEhPPXODPL+KB0VPk86UYfL0lMdy+KCnv+fmvIzySwaK5COwqVbWTQ==",
      "license": "MIT",
      "dependencies": {
        "safer-buffer": "~2.1.0"
      }
    },
    "node_modules/bcrypt-pbkdf": {
      "version": "1.0.2",
      "resolved": "https://registry.npmmirror.com/bcrypt-pbkdf/-/bcrypt-pbkdf-1.0.2.tgz",
      "integrity": "sha512-qeFIXtP4MSoi6NLqO12WfqARWWuCKi2Rn/9hJLEmtB5yTNr9DqFWkJRCf2qShWzPeAMRnOgCrq0sg/KLv5ES9w==",
      "license": "BSD-3-Clause",
      "dependencies": {
        "tweetnacl": "^0.14.3"
      }
    },
    "node_modules/buildcheck": {
      "version": "0.0.7",
      "resolved": "https://registry.npmmirror.com/buildcheck/-/buildcheck-0.0.7.tgz",
      "integrity": "sha512-lHblz4ahamxpTmnsk+MNTRWsjYKv965MwOrSJyeD588rR3Jcu7swE+0wN5F+PbL5cjgu/9ObkhfzEPuofEMwLA==",
      "optional": true,
      "engines": {
        "node": ">=10.0.0"
      }
    },
    "node_modules/cpu-features": {
      "version": "0.0.10",
      "resolved": "https://registry.npmmirror.com/cpu-features/-/cpu-features-0.0.10.tgz",
      "integrity": "sha512-9IkYqtX3YHPCzoVg1Py+o9057a3i0fp7S530UWokCSaFVTc7CwXPRiOjRjBQQ18ZCNafx78YfnG+HALxtVmOGA==",
      "hasInstallScript": true,
      "optional": true,
      "dependencies": {
        "buildcheck": "~0.0.6",
        "nan": "^2.19.0"
      },
      "engines": {
        "node": ">=10.0.0"
      }
    },
    "node_modules/crc-32": {
      "version": "1.2.2",
      "resolved": "https://registry.npmmirror.com/crc-32/-/crc-32-1.2.2.tgz",
      "integrity": "sha512-ROmzCKrTnOwybPcJApAA6WBWij23HVfGVNKqqrZpuyZOHqK2CwHSvpGuyt/UNNvaIjEd8X5IFGp4Mh+Ie1IHJQ==",
      "license": "Apache-2.0",
      "bin": {
        "crc32": "bin/crc32.njs"
      },
      "engines": {
        "node": ">=0.8"
      }
    },
    "node_modules/jsonc-parser": {
      "version": "3.3.1",
      "resolved": "https://registry.npmmirror.com/jsonc-parser/-/jsonc-parser-3.3.1.tgz",
      "integrity": "sha512-HUgH65KyejrUFPvHFPbqOY0rsFip3Bo5wb4ngvdi1EpCYWUQDC5V+Y7mZws+DLkr4M//zQJoanu1SP+87Dv1oQ==",
      "license": "MIT"
    },
    "node_modules/nan": {
      "version": "2.28.0",
      "resolved": "https://registry.npmmirror.com/nan/-/nan-2.28.0.tgz",
      "integrity": "sha512-fTsDz99OTq2sVePhGdp4qQhggZFtKr64ZNVyVajRKtMOkJxYekplBh577PiJB12v/D3s2E5cGtOI45LWp6rnLQ==",
      "license": "MIT",
      "optional": true
    },
    "node_modules/safer-buffer": {
      "version": "2.1.2",
      "resolved": "https://registry.npmmirror.com/safer-buffer/-/safer-buffer-2.1.2.tgz",
      "integrity": "sha512-YZo3K82SD7Riyi0E1EQPojLz7kpepnSQI9IyPbHHg1XXXevb5dJI7tpyN2ADxGcQbHG7vcyRHk0cbwqcQriUtg==",
      "license": "MIT"
    },
    "node_modules/ssh2": {
      "version": "1.17.0",
      "resolved": "https://registry.npmmirror.com/ssh2/-/ssh2-1.17.0.tgz",
      "integrity": "sha512-wPldCk3asibAjQ/kziWQQt1Wh3PgDFpC0XpwclzKcdT1vql6KeYxf5LIt4nlFkUeR8WuphYMKqUA56X4rjbfgQ==",
      "hasInstallScript": true,
      "dependencies": {
        "asn1": "^0.2.6",
        "bcrypt-pbkdf": "^1.0.2"
      },
      "engines": {
        "node": ">=10.16.0"
      },
      "optionalDependencies": {
        "cpu-features": "~0.0.10",
        "nan": "^2.23.0"
      }
    },
    "node_modules/tweetnacl": {
      "version": "0.14.5",
      "resolved": "https://registry.npmmirror.com/tweetnacl/-/tweetnacl-0.14.5.tgz",
      "integrity": "sha512-KXXFFdAbFXY4geFIwoyNK+f5Z1b7swfXABfL7HXCmoIWMKU3dmS26672A4EeQtDzLKy7SXmfBu51JolvEKwtGA==",
      "license": "Unlicense"
    },
    "node_modules/typescript": {
      "version": "5.9.3",
      "resolved": "https://registry.npmmirror.com/typescript/-/typescript-5.9.3.tgz",
      "integrity": "sha512-jl1vZzPDinLr9eUt3J/t7V6FgNEw9QjvBPdysz9KfQDD41fQrC2Y4vKQdiaUpFT4bXlb1RHhLpp8wtm6M5TgSw==",
      "dev": true,
      "license": "Apache-2.0",
      "bin": {
        "tsc": "bin/tsc",
        "tsserver": "bin/tsserver"
      },
      "engines": {
        "node": ">=14.17"
      }
    },
    "node_modules/undici-types": {
      "version": "6.21.0",
      "resolved": "https://registry.npmmirror.com/undici-types/-/undici-types-6.21.0.tgz",
      "integrity": "sha512-iwDZqg0QAGrg9Rav5H4n0M64c3mkR59cJ6wQp+7C4nI0gsmExaedaYLNO44eT4AtBBwjbTiGPMlt2Md0T9H9JQ==",
      "dev": true,
      "license": "MIT"
    },
    "node_modules/zmodem.js": {
      "version": "0.1.10",
      "resolved": "https://registry.npmmirror.com/zmodem.js/-/zmodem.js-0.1.10.tgz",
      "integrity": "sha512-Z1DWngunZ/j3BmIzSJpFZVNV73iHkj89rxXX4IciJdU9ga3nZ7rJ5LkfjV/QDsKhc7bazDWTTJCLJ+iRXD82dw==",
      "license": "Apache-2.0",
      "dependencies": {
        "crc-32": "^1.1.1"
      }
    }
  }
}
